
Microsoft Visual Studio Solution File, Format Version 12.00
# Visual Studio Version 16
VisualStudioVersion = 16.0.31112.23
MinimumVisualStudioVersion = 10.0.40219.1
Project("{FAE04EC0-301F-11D3-BF4B-00C04F79EFBC}") = "Case_Tempus", "Case_Tempus\Case_Tempus.csproj", "{8DDF7E0F-A829-4769-901C-871F81EA9747}"
EndProject
Global
	GlobalSection(SolutionConfigurationPlatforms) = preSolution
		Debug|Any CPU = Debug|Any CPU
		Release|Any CPU = Release|Any CPU
	EndGlobalSection
	GlobalSection(ProjectConfigurationPlatforms) = postSolution
		{8DDF7E0F-A829-4769-901C-871F81EA9747}.Debug|Any CPU.ActiveCfg = Debug|Any CPU
		{8DDF7E0F-A829-4769-901C-871F81EA9747}.Debug|Any CPU.Build.0 = Debug|Any CPU
		{8DDF7E0F-A829-4769-901C-871F81EA9747}.Release|Any CPU.ActiveCfg = Release|Any CPU
		{8DDF7E0F-A829-4769-901C-871F81EA9747}.Release|Any CPU.Build.0 = Release|Any CPU
	EndGlobalSection
	GlobalSection(SolutionProperties) = preSolution
		HideSolutionNode = FALSE
	EndGlobalSection
	GlobalSection(ExtensibilityGlobals) = postSolution
		SolutionGuid = {28007AF7-2024-4095-A58C-C052AEAB8F4D}
	EndGlobalSection
EndGlobal
